
Microsoft Visual Studio Solution File, Format Version 12.00
# Visual Studio Version 17
VisualStudioVersion = 17.2.32630.192
MinimumVisualStudioVersion = 10.0.40219.1
Project("{FAE04EC0-301F-11D3-BF4B-00C04F79EFBC}") = "NotepadApp", "NotepadApp\NotepadApp.csproj", "{9C70A662-3D87-4D9E-AACD-01655C830BC2}"
EndProject
Global
	GlobalSection(SolutionConfigurationPlatforms) = preSolution
		Debug|Any CPU = Debug|Any CPU
		Release|Any CPU = Release|Any CPU
	EndGlobalSection
	GlobalSection(ProjectConfigurationPlatforms) = postSolution
		{9C70A662-3D87-4D9E-AACD-01655C830BC2}.Debug|Any CPU.ActiveCfg = Debug|Any CPU
		{9C70A662-3D87-4D9E-AACD-01655C830BC2}.Debug|Any CPU.Build.0 = Debug|Any CPU
		{9C70A662-3D87-4D9E-AACD-01655C830BC2}.Release|Any CPU.ActiveCfg = Release|Any CPU
		{9C70A662-3D87-4D9E-AACD-01655C830BC2}.Release|Any CPU.Build.0 = Release|Any CPU
	EndGlobalSection
	GlobalSection(SolutionProperties) = preSolution
		HideSolutionNode = FALSE
	EndGlobalSection
	GlobalSection(ExtensibilityGlobals) = postSolution
		SolutionGuid = {B95D988F-A4AD-490E-927C-A081DB222FA5}
	EndGlobalSection
EndGlobal
